
Microsoft Visual Studio Solution File, Format Version 12.00
# Visual Studio 2012
Project("{FAE04EC0-301F-11D3-BF4B-00C04F79EFBC}") = "Castle.Zmq", "src\Castle.Zmq\Castle.Zmq.csproj", "{8A7E293C-909D-4DE9-A601-F4B817A1B419}"
EndProject
Project("{FAE04EC0-301F-11D3-BF4B-00C04F79EFBC}") = "Castle.Zmq.Tests", "tests\Castle.Zmq.Tests\Castle.Zmq.Tests.csproj", "{5725D0E3-9AEA-4FF0-AC81-4F0479A24A7F}"
EndProject
Project("{2150E333-8FDC-42A3-9474-1A3956D46DE8}") = "Tests", "Tests", "{34F7015D-71B2-454E-A7B0-D7A4D3FB2702}"
EndProject
Project("{2150E333-8FDC-42A3-9474-1A3956D46DE8}") = ".nuget", ".nuget", "{2A360D1B-C0AD-4D66-8945-0D47DBC71069}"
	ProjectSection(SolutionItems) = preProject
		.nuget\NuGet.Config = .nuget\NuGet.Config
		.nuget\NuGet.exe = .nuget\NuGet.exe
		.nuget\NuGet.targets = .nuget\NuGet.targets
	EndProjectSection
EndProject
Project("{FAE04EC0-301F-11D3-BF4B-00C04F79EFBC}") = "StressTest1", "tests\ApiTest\StressTest1.csproj", "{2AD734AC-7981-40E2-8678-D923CBAF9F56}"
EndProject
Project("{FAE04EC0-301F-11D3-BF4B-00C04F79EFBC}") = "Win32StressTest1", "tests\Win32StressTest1\Win32StressTest1.csproj", "{54E9A236-1252-4A21-AA06-74B6B6DA2AE7}"
EndProject
Project("{2150E333-8FDC-42A3-9474-1A3956D46DE8}") = "Extensions", "Extensions", "{38294258-9295-4EFB-81CA-0144E150BA4B}"
EndProject
Project("{FAE04EC0-301F-11D3-BF4B-00C04F79EFBC}") = "Castle.Zmq.Rpc", "extensions\Castle.Zmq.Rpc\Castle.Zmq.Rpc.csproj", "{8585F472-0039-4F9A-A57D-63BB6CDF97C4}"
EndProject
Project("{FAE04EC0-301F-11D3-BF4B-00C04F79EFBC}") = "RpcFacilityStressTest", "tests\RpcFacilityStressTest\RpcFacilityStressTest.csproj", "{A2B1E5F1-5CCB-43E6-A831-DA988EE8AE54}"
EndProject
Project("{FAE04EC0-301F-11D3-BF4B-00C04F79EFBC}") = "Castle.Facilities.Zmq.Rpc", "extensions\Castle.Facilities.Zmq.Rpc\Castle.Facilities.Zmq.Rpc.csproj", "{D9F5281F-9163-45FF-A27A-A9D54C82DA84}"
EndProject
Project("{FAE04EC0-301F-11D3-BF4B-00C04F79EFBC}") = "Castle.Facilities.Zmq.Rpc.Tests", "tests\Castle.Facilities.Zmq.Rpc.Tests\Castle.Facilities.Zmq.Rpc.Tests.csproj", "{251E2F53-8004-4383-A581-904A435EEC2F}"
EndProject
Project("{2150E333-8FDC-42A3-9474-1A3956D46DE8}") = "Stress", "Stress", "{661F18CD-C010-4A95-8825-49B6007AAD82}"
EndProject
Project("{FAE04EC0-301F-11D3-BF4B-00C04F79EFBC}") = "local_thr", "tests\local_thr\local_thr.csproj", "{931B2D0A-1120-4400-B997-10E4DD9931BE}"
EndProject
Project("{FAE04EC0-301F-11D3-BF4B-00C04F79EFBC}") = "remote_thr", "tests\remote_thr\remote_thr.csproj", "{BFA67E2E-A3C7-4DA8-BA81-023972E5E3D5}"
EndProject
Global
	GlobalSection(SolutionConfigurationPlatforms) = preSolution
		Debug|Any CPU = Debug|Any CPU
		Debug|Mixed Platforms = Debug|Mixed Platforms
		Debug|x64 = Debug|x64
		Debug|x86 = Debug|x86
		Release|Any CPU = Release|Any CPU
		Release|Mixed Platforms = Release|Mixed Platforms
		Release|x64 = Release|x64
		Release|x86 = Release|x86
	EndGlobalSection
	GlobalSection(ProjectConfigurationPlatforms) = postSolution
		{8A7E293C-909D-4DE9-A601-F4B817A1B419}.Debug|Any CPU.ActiveCfg = Debug|Any CPU
		{8A7E293C-909D-4DE9-A601-F4B817A1B419}.Debug|Any CPU.Build.0 = Debug|Any CPU
		{8A7E293C-909D-4DE9-A601-F4B817A1B419}.Debug|Mixed Platforms.ActiveCfg = Debug|Any CPU
		{8A7E293C-909D-4DE9-A601-F4B817A1B419}.Debug|Mixed Platforms.Build.0 = Debug|Any CPU
		{8A7E293C-909D-4DE9-A601-F4B817A1B419}.Debug|x64.ActiveCfg = Debug|Any CPU
		{8A7E293C-909D-4DE9-A601-F4B817A1B419}.Debug|x64.Build.0 = Debug|Any CPU
		{8A7E293C-909D-4DE9-A601-F4B817A1B419}.Debug|x86.ActiveCfg = Debug|Any CPU
		{8A7E293C-909D-4DE9-A601-F4B817A1B419}.Release|Any CPU.ActiveCfg = Release|Any CPU
		{8A7E293C-909D-4DE9-A601-F4B817A1B419}.Release|Any CPU.Build.0 = Release|Any CPU
		{8A7E293C-909D-4DE9-A601-F4B817A1B419}.Release|Mixed Platforms.ActiveCfg = Release|Any CPU
		{8A7E293C-909D-4DE9-A601-F4B817A1B419}.Release|Mixed Platforms.Build.0 = Release|Any CPU
		{8A7E293C-909D-4DE9-A601-F4B817A1B419}.Release|x64.ActiveCfg = Release|Any CPU
		{8A7E293C-909D-4DE9-A601-F4B817A1B419}.Release|x64.Build.0 = Release|Any CPU
		{8A7E293C-909D-4DE9-A601-F4B817A1B419}.Release|x86.ActiveCfg = Release|Any CPU
		{5725D0E3-9AEA-4FF0-AC81-4F0479A24A7F}.Debug|Any CPU.ActiveCfg = Debug|x86
		{5725D0E3-9AEA-4FF0-AC81-4F0479A24A7F}.Debug|Mixed Platforms.ActiveCfg = Debug|x86
		{5725D0E3-9AEA-4FF0-AC81-4F0479A24A7F}.Debug|Mixed Platforms.Build.0 = Debug|x86
		{5725D0E3-9AEA-4FF0-AC81-4F0479A24A7F}.Debug|x64.ActiveCfg = Debug|x64
		{5725D0E3-9AEA-4FF0-AC81-4F0479A24A7F}.Debug|x64.Build.0 = Debug|x64
		{5725D0E3-9AEA-4FF0-AC81-4F0479A24A7F}.Debug|x86.ActiveCfg = Debug|x86
		{5725D0E3-9AEA-4FF0-AC81-4F0479A24A7F}.Debug|x86.Build.0 = Debug|x86
		{5725D0E3-9AEA-4FF0-AC81-4F0479A24A7F}.Release|Any CPU.ActiveCfg = Release|x86
		{5725D0E3-9AEA-4FF0-AC81-4F0479A24A7F}.Release|Mixed Platforms.ActiveCfg = Release|x86
		{5725D0E3-9AEA-4FF0-AC81-4F0479A24A7F}.Release|Mixed Platforms.Build.0 = Release|x86
		{5725D0E3-9AEA-4FF0-AC81-4F0479A24A7F}.Release|x64.ActiveCfg = Release|x64
		{5725D0E3-9AEA-4FF0-AC81-4F0479A24A7F}.Release|x64.Build.0 = Release|x64
		{5725D0E3-9AEA-4FF0-AC81-4F0479A24A7F}.Release|x86.ActiveCfg = Release|x86
		{5725D0E3-9AEA-4FF0-AC81-4F0479A24A7F}.Release|x86.Build.0 = Release|x86
		{2AD734AC-7981-40E2-8678-D923CBAF9F56}.Debug|Any CPU.ActiveCfg = Debug|Any CPU
		{2AD734AC-7981-40E2-8678-D923CBAF9F56}.Debug|Any CPU.Build.0 = Debug|Any CPU
		{2AD734AC-7981-40E2-8678-D923CBAF9F56}.Debug|Mixed Platforms.ActiveCfg = Debug|Any CPU
		{2AD734AC-7981-40E2-8678-D923CBAF9F56}.Debug|Mixed Platforms.Build.0 = Debug|Any CPU
		{2AD734AC-7981-40E2-8678-D923CBAF9F56}.Debug|x64.ActiveCfg = Debug|x64
		{2AD734AC-7981-40E2-8678-D923CBAF9F56}.Debug|x64.Build.0 = Debug|x64
		{2AD734AC-7981-40E2-8678-D923CBAF9F56}.Debug|x86.ActiveCfg = Debug|Any CPU
		{2AD734AC-7981-40E2-8678-D923CBAF9F56}.Release|Any CPU.ActiveCfg = Release|Any CPU
		{2AD734AC-7981-40E2-8678-D923CBAF9F56}.Release|Any CPU.Build.0 = Release|Any CPU
		{2AD734AC-7981-40E2-8678-D923CBAF9F56}.Release|Mixed Platforms.ActiveCfg = Release|Any CPU
		{2AD734AC-7981-40E2-8678-D923CBAF9F56}.Release|Mixed Platforms.Build.0 = Release|Any CPU
		{2AD734AC-7981-40E2-8678-D923CBAF9F56}.Release|x64.ActiveCfg = Release|x64
		{2AD734AC-7981-40E2-8678-D923CBAF9F56}.Release|x64.Build.0 = Release|x64
		{2AD734AC-7981-40E2-8678-D923CBAF9F56}.Release|x86.ActiveCfg = Release|x64
		{54E9A236-1252-4A21-AA06-74B6B6DA2AE7}.Debug|Any CPU.ActiveCfg = Debug|Any CPU
		{54E9A236-1252-4A21-AA06-74B6B6DA2AE7}.Debug|Any CPU.Build.0 = Debug|Any CPU
		{54E9A236-1252-4A21-AA06-74B6B6DA2AE7}.Debug|Mixed Platforms.ActiveCfg = Debug|x86
		{54E9A236-1252-4A21-AA06-74B6B6DA2AE7}.Debug|Mixed Platforms.Build.0 = Debug|x86
		{54E9A236-1252-4A21-AA06-74B6B6DA2AE7}.Debug|x64.ActiveCfg = Debug|Any CPU
		{54E9A236-1252-4A21-AA06-74B6B6DA2AE7}.Debug|x86.ActiveCfg = Debug|x86
		{54E9A236-1252-4A21-AA06-74B6B6DA2AE7}.Debug|x86.Build.0 = Debug|x86
		{54E9A236-1252-4A21-AA06-74B6B6DA2AE7}.Release|Any CPU.ActiveCfg = Release|Any CPU
		{54E9A236-1252-4A21-AA06-74B6B6DA2AE7}.Release|Any CPU.Build.0 = Release|Any CPU
		{54E9A236-1252-4A21-AA06-74B6B6DA2AE7}.Release|Mixed Platforms.ActiveCfg = Release|x86
		{54E9A236-1252-4A21-AA06-74B6B6DA2AE7}.Release|Mixed Platforms.Build.0 = Release|x86
		{54E9A236-1252-4A21-AA06-74B6B6DA2AE7}.Release|x64.ActiveCfg = Release|x86
		{54E9A236-1252-4A21-AA06-74B6B6DA2AE7}.Release|x86.ActiveCfg = Release|x86
		{54E9A236-1252-4A21-AA06-74B6B6DA2AE7}.Release|x86.Build.0 = Release|x86
		{8585F472-0039-4F9A-A57D-63BB6CDF97C4}.Debug|Any CPU.ActiveCfg = Debug|Any CPU
		{8585F472-0039-4F9A-A57D-63BB6CDF97C4}.Debug|Any CPU.Build.0 = Debug|Any CPU
		{8585F472-0039-4F9A-A57D-63BB6CDF97C4}.Debug|Mixed Platforms.ActiveCfg = Debug|Any CPU
		{8585F472-0039-4F9A-A57D-63BB6CDF97C4}.Debug|Mixed Platforms.Build.0 = Debug|Any CPU
		{8585F472-0039-4F9A-A57D-63BB6CDF97C4}.Debug|x64.ActiveCfg = Debug|Any CPU
		{8585F472-0039-4F9A-A57D-63BB6CDF97C4}.Debug|x64.Build.0 = Debug|Any CPU
		{8585F472-0039-4F9A-A57D-63BB6CDF97C4}.Debug|x86.ActiveCfg = Debug|Any CPU
		{8585F472-0039-4F9A-A57D-63BB6CDF97C4}.Debug|x86.Build.0 = Debug|Any CPU
		{8585F472-0039-4F9A-A57D-63BB6CDF97C4}.Release|Any CPU.ActiveCfg = Release|Any CPU
		{8585F472-0039-4F9A-A57D-63BB6CDF97C4}.Release|Any CPU.Build.0 = Release|Any CPU
		{8585F472-0039-4F9A-A57D-63BB6CDF97C4}.Release|Mixed Platforms.ActiveCfg = Release|Any CPU
		{8585F472-0039-4F9A-A57D-63BB6CDF97C4}.Release|Mixed Platforms.Build.0 = Release|Any CPU
		{8585F472-0039-4F9A-A57D-63BB6CDF97C4}.Release|x64.ActiveCfg = Release|Any CPU
		{8585F472-0039-4F9A-A57D-63BB6CDF97C4}.Release|x64.Build.0 = Release|Any CPU
		{8585F472-0039-4F9A-A57D-63BB6CDF97C4}.Release|x86.ActiveCfg = Release|Any CPU
		{8585F472-0039-4F9A-A57D-63BB6CDF97C4}.Release|x86.Build.0 = Release|Any CPU
		{A2B1E5F1-5CCB-43E6-A831-DA988EE8AE54}.Debug|Any CPU.ActiveCfg = Debug|Any CPU
		{A2B1E5F1-5CCB-43E6-A831-DA988EE8AE54}.Debug|Any CPU.Build.0 = Debug|Any CPU
		{A2B1E5F1-5CCB-43E6-A831-DA988EE8AE54}.Debug|Mixed Platforms.ActiveCfg = Debug|Any CPU
		{A2B1E5F1-5CCB-43E6-A831-DA988EE8AE54}.Debug|Mixed Platforms.Build.0 = Debug|Any CPU
		{A2B1E5F1-5CCB-43E6-A831-DA988EE8AE54}.Debug|x64.ActiveCfg = Debug|x64
		{A2B1E5F1-5CCB-43E6-A831-DA988EE8AE54}.Debug|x64.Build.0 = Debug|x64
		{A2B1E5F1-5CCB-43E6-A831-DA988EE8AE54}.Debug|x86.ActiveCfg = Debug|Any CPU
		{A2B1E5F1-5CCB-43E6-A831-DA988EE8AE54}.Release|Any CPU.ActiveCfg = Release|Any CPU
		{A2B1E5F1-5CCB-43E6-A831-DA988EE8AE54}.Release|Any CPU.Build.0 = Release|Any CPU
		{A2B1E5F1-5CCB-43E6-A831-DA988EE8AE54}.Release|Mixed Platforms.ActiveCfg = Release|Any CPU
		{A2B1E5F1-5CCB-43E6-A831-DA988EE8AE54}.Release|Mixed Platforms.Build.0 = Release|Any CPU
		{A2B1E5F1-5CCB-43E6-A831-DA988EE8AE54}.Release|x64.ActiveCfg = Release|x64
		{A2B1E5F1-5CCB-43E6-A831-DA988EE8AE54}.Release|x64.Build.0 = Release|x64
		{A2B1E5F1-5CCB-43E6-A831-DA988EE8AE54}.Release|x86.ActiveCfg = Release|Any CPU
		{D9F5281F-9163-45FF-A27A-A9D54C82DA84}.Debug|Any CPU.ActiveCfg = Debug|Any CPU
		{D9F5281F-9163-45FF-A27A-A9D54C82DA84}.Debug|Any CPU.Build.0 = Debug|Any CPU
		{D9F5281F-9163-45FF-A27A-A9D54C82DA84}.Debug|Mixed Platforms.ActiveCfg = Debug|Any CPU
		{D9F5281F-9163-45FF-A27A-A9D54C82DA84}.Debug|Mixed Platforms.Build.0 = Debug|Any CPU
		{D9F5281F-9163-45FF-A27A-A9D54C82DA84}.Debug|x64.ActiveCfg = Debug|Any CPU
		{D9F5281F-9163-45FF-A27A-A9D54C82DA84}.Debug|x64.Build.0 = Debug|Any CPU
		{D9F5281F-9163-45FF-A27A-A9D54C82DA84}.Debug|x86.ActiveCfg = Debug|Any CPU
		{D9F5281F-9163-45FF-A27A-A9D54C82DA84}.Debug|x86.Build.0 = Debug|Any CPU
		{D9F5281F-9163-45FF-A27A-A9D54C82DA84}.Release|Any CPU.ActiveCfg = Release|Any CPU
		{D9F5281F-9163-45FF-A27A-A9D54C82DA84}.Release|Any CPU.Build.0 = Release|Any CPU
		{D9F5281F-9163-45FF-A27A-A9D54C82DA84}.Release|Mixed Platforms.ActiveCfg = Release|Any CPU
		{D9F5281F-9163-45FF-A27A-A9D54C82DA84}.Release|Mixed Platforms.Build.0 = Release|Any CPU
		{D9F5281F-9163-45FF-A27A-A9D54C82DA84}.Release|x64.ActiveCfg = Release|Any CPU
		{D9F5281F-9163-45FF-A27A-A9D54C82DA84}.Release|x64.Build.0 = Release|Any CPU
		{D9F5281F-9163-45FF-A27A-A9D54C82DA84}.Release|x86.ActiveCfg = Release|Any CPU
		{D9F5281F-9163-45FF-A27A-A9D54C82DA84}.Release|x86.Build.0 = Release|Any CPU
		{251E2F53-8004-4383-A581-904A435EEC2F}.Debug|Any CPU.ActiveCfg = Debug|Any CPU
		{251E2F53-8004-4383-A581-904A435EEC2F}.Debug|Any CPU.Build.0 = Debug|Any CPU
		{251E2F53-8004-4383-A581-904A435EEC2F}.Debug|Mixed Platforms.ActiveCfg = Debug|Any CPU
		{251E2F53-8004-4383-A581-904A435EEC2F}.Debug|Mixed Platforms.Build.0 = Debug|Any CPU
		{251E2F53-8004-4383-A581-904A435EEC2F}.Debug|x64.ActiveCfg = Debug|Any CPU
		{251E2F53-8004-4383-A581-904A435EEC2F}.Debug|x64.Build.0 = Debug|Any CPU
		{251E2F53-8004-4383-A581-904A435EEC2F}.Debug|x86.ActiveCfg = Debug|Any CPU
		{251E2F53-8004-4383-A581-904A435EEC2F}.Debug|x86.Build.0 = Debug|Any CPU
		{251E2F53-8004-4383-A581-904A435EEC2F}.Release|Any CPU.ActiveCfg = Release|Any CPU
		{251E2F53-8004-4383-A581-904A435EEC2F}.Release|Any CPU.Build.0 = Release|Any CPU
		{251E2F53-8004-4383-A581-904A435EEC2F}.Release|Mixed Platforms.ActiveCfg = Release|Any CPU
		{251E2F53-8004-4383-A581-904A435EEC2F}.Release|Mixed Platforms.Build.0 = Release|Any CPU
		{251E2F53-8004-4383-A581-904A435EEC2F}.Release|x64.ActiveCfg = Release|Any CPU
		{251E2F53-8004-4383-A581-904A435EEC2F}.Release|x64.Build.0 = Release|Any CPU
		{251E2F53-8004-4383-A581-904A435EEC2F}.Release|x86.ActiveCfg = Release|Any CPU
		{251E2F53-8004-4383-A581-904A435EEC2F}.Release|x86.Build.0 = Release|Any CPU
		{931B2D0A-1120-4400-B997-10E4DD9931BE}.Debug|Any CPU.ActiveCfg = Debug|Any CPU
		{931B2D0A-1120-4400-B997-10E4DD9931BE}.Debug|Any CPU.Build.0 = Debug|Any CPU
		{931B2D0A-1120-4400-B997-10E4DD9931BE}.Debug|Mixed Platforms.ActiveCfg = Debug|Any CPU
		{931B2D0A-1120-4400-B997-10E4DD9931BE}.Debug|Mixed Platforms.Build.0 = Debug|Any CPU
		{931B2D0A-1120-4400-B997-10E4DD9931BE}.Debug|x64.ActiveCfg = Debug|Any CPU
		{931B2D0A-1120-4400-B997-10E4DD9931BE}.Debug|x86.ActiveCfg = Debug|Any CPU
		{931B2D0A-1120-4400-B997-10E4DD9931BE}.Release|Any CPU.ActiveCfg = Release|Any CPU
		{931B2D0A-1120-4400-B997-10E4DD9931BE}.Release|Any CPU.Build.0 = Release|Any CPU
		{931B2D0A-1120-4400-B997-10E4DD9931BE}.Release|Mixed Platforms.ActiveCfg = Release|Any CPU
		{931B2D0A-1120-4400-B997-10E4DD9931BE}.Release|Mixed Platforms.Build.0 = Release|Any CPU
		{931B2D0A-1120-4400-B997-10E4DD9931BE}.Release|x64.ActiveCfg = Release|Any CPU
		{931B2D0A-1120-4400-B997-10E4DD9931BE}.Release|x86.ActiveCfg = Release|Any CPU
		{BFA67E2E-A3C7-4DA8-BA81-023972E5E3D5}.Debug|Any CPU.ActiveCfg = Debug|Any CPU
		{BFA67E2E-A3C7-4DA8-BA81-023972E5E3D5}.Debug|Any CPU.Build.0 = Debug|Any CPU
		{BFA67E2E-A3C7-4DA8-BA81-023972E5E3D5}.Debug|Mixed Platforms.ActiveCfg = Debug|Any CPU
		{BFA67E2E-A3C7-4DA8-BA81-023972E5E3D5}.Debug|Mixed Platforms.Build.0 = Debug|Any CPU
		{BFA67E2E-A3C7-4DA8-BA81-023972E5E3D5}.Debug|x64.ActiveCfg = Debug|Any CPU
		{BFA67E2E-A3C7-4DA8-BA81-023972E5E3D5}.Debug|x86.ActiveCfg = Debug|Any CPU
		{BFA67E2E-A3C7-4DA8-BA81-023972E5E3D5}.Release|Any CPU.ActiveCfg = Release|Any CPU
		{BFA67E2E-A3C7-4DA8-BA81-023972E5E3D5}.Release|Any CPU.Build.0 = Release|Any CPU
		{BFA67E2E-A3C7-4DA8-BA81-023972E5E3D5}.Release|Mixed Platforms.ActiveCfg = Release|Any CPU
		{BFA67E2E-A3C7-4DA8-BA81-023972E5E3D5}.Release|Mixed Platforms.Build.0 = Release|Any CPU
		{BFA67E2E-A3C7-4DA8-BA81-023972E5E3D5}.Release|x64.ActiveCfg = Release|Any CPU
		{BFA67E2E-A3C7-4DA8-BA81-023972E5E3D5}.Release|x86.ActiveCfg = Release|Any CPU
	EndGlobalSection
	GlobalSection(SolutionProperties) = preSolution
		HideSolutionNode = FALSE
	EndGlobalSection
	GlobalSection(NestedProjects) = preSolution
		{5725D0E3-9AEA-4FF0-AC81-4F0479A24A7F} = {34F7015D-71B2-454E-A7B0-D7A4D3FB2702}
		{251E2F53-8004-4383-A581-904A435EEC2F} = {34F7015D-71B2-454E-A7B0-D7A4D3FB2702}
		{54E9A236-1252-4A21-AA06-74B6B6DA2AE7} = {661F18CD-C010-4A95-8825-49B6007AAD82}
		{A2B1E5F1-5CCB-43E6-A831-DA988EE8AE54} = {661F18CD-C010-4A95-8825-49B6007AAD82}
		{2AD734AC-7981-40E2-8678-D923CBAF9F56} = {661F18CD-C010-4A95-8825-49B6007AAD82}
		{931B2D0A-1120-4400-B997-10E4DD9931BE} = {661F18CD-C010-4A95-8825-49B6007AAD82}
		{BFA67E2E-A3C7-4DA8-BA81-023972E5E3D5} = {661F18CD-C010-4A95-8825-49B6007AAD82}
		{8585F472-0039-4F9A-A57D-63BB6CDF97C4} = {38294258-9295-4EFB-81CA-0144E150BA4B}
		{D9F5281F-9163-45FF-A27A-A9D54C82DA84} = {38294258-9295-4EFB-81CA-0144E150BA4B}
	EndGlobalSection
EndGlobal
